
Microsoft Visual Studio Solution File, Format Version 12.00
# Visual Studio 15
Project("{FAE04EC0-301F-11D3-BF4B-00C04F79EFBC}") = "Assembly-CSharp", "Assembly-CSharp.csproj", "{CD8C9303-404B-FB8D-6B9B-21988D5CAC0A}"
EndProject
Project("{FAE04EC0-301F-11D3-BF4B-00C04F79EFBC}") = "ILRuntime", "ILRuntime.csproj", "{AF29ACDC-CCC1-7732-751C-DD00BD5BD005}"
EndProject
Project("{FAE04EC0-301F-11D3-BF4B-00C04F79EFBC}") = "WebSocketSharp", "WebSocketSharp.csproj", "{DC71A8E7-991D-4B39-B89F-058A2220D55D}"
EndProject
Project("{FAE04EC0-301F-11D3-BF4B-00C04F79EFBC}") = "Malee.ReorderableList", "Malee.ReorderableList.csproj", "{05C3C71F-C4E3-E914-0D10-A8310AB3F2BD}"
EndProject
Project("{FAE04EC0-301F-11D3-BF4B-00C04F79EFBC}") = "Assembly-CSharp-Editor", "Assembly-CSharp-Editor.csproj", "{6311E6C6-0A20-383B-320B-694068DE37A5}"
EndProject
Project("{FAE04EC0-301F-11D3-BF4B-00C04F79EFBC}") = "Assembly-CSharp-Editor-firstpass", "Assembly-CSharp-Editor-firstpass.csproj", "{F534D6C4-3368-032B-289C-A943CC171719}"
EndProject
Project("{FAE04EC0-301F-11D3-BF4B-00C04F79EFBC}") = "Malee.ReorderableList.Editor", "Malee.ReorderableList.Editor.csproj", "{0EA08D45-7AEE-E3F2-81C1-27ED93102CC9}"
EndProject
Global
	GlobalSection(SolutionConfigurationPlatforms) = preSolution
		Debug|Any CPU = Debug|Any CPU
		Release|Any CPU = Release|Any CPU
	EndGlobalSection
	GlobalSection(ProjectConfigurationPlatforms) = postSolution
		{CD8C9303-404B-FB8D-6B9B-21988D5CAC0A}.Debug|Any CPU.ActiveCfg = Debug|Any CPU
		{CD8C9303-404B-FB8D-6B9B-21988D5CAC0A}.Debug|Any CPU.Build.0 = Debug|Any CPU
		{CD8C9303-404B-FB8D-6B9B-21988D5CAC0A}.Release|Any CPU.ActiveCfg = Release|Any CPU
		{CD8C9303-404B-FB8D-6B9B-21988D5CAC0A}.Release|Any CPU.Build.0 = Release|Any CPU
		{AF29ACDC-CCC1-7732-751C-DD00BD5BD005}.Debug|Any CPU.ActiveCfg = Debug|Any CPU
		{AF29ACDC-CCC1-7732-751C-DD00BD5BD005}.Debug|Any CPU.Build.0 = Debug|Any CPU
		{AF29ACDC-CCC1-7732-751C-DD00BD5BD005}.Release|Any CPU.ActiveCfg = Release|Any CPU
		{AF29ACDC-CCC1-7732-751C-DD00BD5BD005}.Release|Any CPU.Build.0 = Release|Any CPU
		{DC71A8E7-991D-4B39-B89F-058A2220D55D}.Debug|Any CPU.ActiveCfg = Debug|Any CPU
		{DC71A8E7-991D-4B39-B89F-058A2220D55D}.Debug|Any CPU.Build.0 = Debug|Any CPU
		{DC71A8E7-991D-4B39-B89F-058A2220D55D}.Release|Any CPU.ActiveCfg = Release|Any CPU
		{DC71A8E7-991D-4B39-B89F-058A2220D55D}.Release|Any CPU.Build.0 = Release|Any CPU
		{05C3C71F-C4E3-E914-0D10-A8310AB3F2BD}.Debug|Any CPU.ActiveCfg = Debug|Any CPU
		{05C3C71F-C4E3-E914-0D10-A8310AB3F2BD}.Debug|Any CPU.Build.0 = Debug|Any CPU
		{05C3C71F-C4E3-E914-0D10-A8310AB3F2BD}.Release|Any CPU.ActiveCfg = Release|Any CPU
		{05C3C71F-C4E3-E914-0D10-A8310AB3F2BD}.Release|Any CPU.Build.0 = Release|Any CPU
		{6311E6C6-0A20-383B-320B-694068DE37A5}.Debug|Any CPU.ActiveCfg = Debug|Any CPU
		{6311E6C6-0A20-383B-320B-694068DE37A5}.Debug|Any CPU.Build.0 = Debug|Any CPU
		{6311E6C6-0A20-383B-320B-694068DE37A5}.Release|Any CPU.ActiveCfg = Release|Any CPU
		{6311E6C6-0A20-383B-320B-694068DE37A5}.Release|Any CPU.Build.0 = Release|Any CPU
		{F534D6C4-3368-032B-289C-A943CC171719}.Debug|Any CPU.ActiveCfg = Debug|Any CPU
		{F534D6C4-3368-032B-289C-A943CC171719}.Debug|Any CPU.Build.0 = Debug|Any CPU
		{F534D6C4-3368-032B-289C-A943CC171719}.Release|Any CPU.ActiveCfg = Release|Any CPU
		{F534D6C4-3368-032B-289C-A943CC171719}.Release|Any CPU.Build.0 = Release|Any CPU
		{0EA08D45-7AEE-E3F2-81C1-27ED93102CC9}.Debug|Any CPU.ActiveCfg = Debug|Any CPU
		{0EA08D45-7AEE-E3F2-81C1-27ED93102CC9}.Debug|Any CPU.Build.0 = Debug|Any CPU
		{0EA08D45-7AEE-E3F2-81C1-27ED93102CC9}.Release|Any CPU.ActiveCfg = Release|Any CPU
		{0EA08D45-7AEE-E3F2-81C1-27ED93102CC9}.Release|Any CPU.Build.0 = Release|Any CPU
	EndGlobalSection
	GlobalSection(SolutionProperties) = preSolution
		HideSolutionNode = FALSE
	EndGlobalSection
EndGlobal
